
Microsoft Visual Studio Solution File, Format Version 12.00
# Visual Studio Version 17
VisualStudioVersion = 17.2.32526.322
MinimumVisualStudioVersion = 10.0.40219.1
Project("{FAE04EC0-301F-11D3-BF4B-00C04F79EFBC}") = "PortfolioTracking", "PortfolioTracking\PortfolioTracking.csproj", "{D490E6FD-D67F-4012-BDCB-7D60007D0FD2}"
EndProject
Project("{FAE04EC0-301F-11D3-BF4B-00C04F79EFBC}") = "Domain", "Domain\Domain.csproj", "{6FC4A478-4404-48BD-BEB6-E3C1CAC28756}"
EndProject
Project("{FAE04EC0-301F-11D3-BF4B-00C04F79EFBC}") = "Infrastructure", "Infrastructure\Infrastructure.csproj", "{C96BBC25-1EAD-4FA3-B45C-C4EA02F6CFAA}"
EndProject
Global
	GlobalSection(SolutionConfigurationPlatforms) = preSolution
		Debug|Any CPU = Debug|Any CPU
		Release|Any CPU = Release|Any CPU
	EndGlobalSection
	GlobalSection(ProjectConfigurationPlatforms) = postSolution
		{D490E6FD-D67F-4012-BDCB-7D60007D0FD2}.Debug|Any CPU.ActiveCfg = Debug|Any CPU
		{D490E6FD-D67F-4012-BDCB-7D60007D0FD2}.Debug|Any CPU.Build.0 = Debug|Any CPU
		{D490E6FD-D67F-4012-BDCB-7D60007D0FD2}.Release|Any CPU.ActiveCfg = Release|Any CPU
		{D490E6FD-D67F-4012-BDCB-7D60007D0FD2}.Release|Any CPU.Build.0 = Release|Any CPU
		{6FC4A478-4404-48BD-BEB6-E3C1CAC28756}.Debug|Any CPU.ActiveCfg = Debug|Any CPU
		{6FC4A478-4404-48BD-BEB6-E3C1CAC28756}.Debug|Any CPU.Build.0 = Debug|Any CPU
		{6FC4A478-4404-48BD-BEB6-E3C1CAC28756}.Release|Any CPU.ActiveCfg = Release|Any CPU
		{6FC4A478-4404-48BD-BEB6-E3C1CAC28756}.Release|Any CPU.Build.0 = Release|Any CPU
		{C96BBC25-1EAD-4FA3-B45C-C4EA02F6CFAA}.Debug|Any CPU.ActiveCfg = Debug|Any CPU
		{C96BBC25-1EAD-4FA3-B45C-C4EA02F6CFAA}.Debug|Any CPU.Build.0 = Debug|Any CPU
		{C96BBC25-1EAD-4FA3-B45C-C4EA02F6CFAA}.Release|Any CPU.ActiveCfg = Release|Any CPU
		{C96BBC25-1EAD-4FA3-B45C-C4EA02F6CFAA}.Release|Any CPU.Build.0 = Release|Any CPU
	EndGlobalSection
	GlobalSection(SolutionProperties) = preSolution
		HideSolutionNode = FALSE
	EndGlobalSection
	GlobalSection(ExtensibilityGlobals) = postSolution
		SolutionGuid = {9D8CB39F-373F-4E83-A787-34D00C91FF12}
	EndGlobalSection
EndGlobal
